
Microsoft Visual Studio Solution File, Format Version 12.00
# Visual Studio Version 16
VisualStudioVersion = 16.0.31515.178
MinimumVisualStudioVersion = 10.0.40219.1
Project("{FAE04EC0-301F-11D3-BF4B-00C04F79EFBC}") = "FFmpegUpscalerHelper", "ffmpegUpscalerHelper\FFmpegUpscalerHelper.csproj", "{DBD0798C-7C69-4940-BCC7-000E0BFAB780}"
EndProject
Global
	GlobalSection(SolutionConfigurationPlatforms) = preSolution
		Debug|Any CPU = Debug|Any CPU
		Release|Any CPU = Release|Any CPU
	EndGlobalSection
	GlobalSection(ProjectConfigurationPlatforms) = postSolution
		{DBD0798C-7C69-4940-BCC7-000E0BFAB780}.Debug|Any CPU.ActiveCfg = Debug|Any CPU
		{DBD0798C-7C69-4940-BCC7-000E0BFAB780}.Debug|Any CPU.Build.0 = Debug|Any CPU
		{DBD0798C-7C69-4940-BCC7-000E0BFAB780}.Release|Any CPU.ActiveCfg = Release|Any CPU
		{DBD0798C-7C69-4940-BCC7-000E0BFAB780}.Release|Any CPU.Build.0 = Release|Any CPU
	EndGlobalSection
	GlobalSection(SolutionProperties) = preSolution
		HideSolutionNode = FALSE
	EndGlobalSection
	GlobalSection(ExtensibilityGlobals) = postSolution
		SolutionGuid = {0385173F-7043-4FE1-94FB-14D0D9E3953A}
	EndGlobalSection
EndGlobal
